
Microsoft Visual Studio Solution File, Format Version 12.00
# Visual Studio Version 17
VisualStudioVersion = 17.8.34330.188
MinimumVisualStudioVersion = 10.0.40219.1
Project("{FAE04EC0-301F-11D3-BF4B-00C04F79EFBC}") = "PraktikaC", "PraktikaC\PraktikaC.csproj", "{ADE81FE6-5D7D-4553-94F8-25FE1F93FF8C}"
EndProject
Global
	GlobalSection(SolutionConfigurationPlatforms) = preSolution
		Debug|Any CPU = Debug|Any CPU
		Release|Any CPU = Release|Any CPU
	EndGlobalSection
	GlobalSection(ProjectConfigurationPlatforms) = postSolution
		{ADE81FE6-5D7D-4553-94F8-25FE1F93FF8C}.Debug|Any CPU.ActiveCfg = Debug|Any CPU
		{ADE81FE6-5D7D-4553-94F8-25FE1F93FF8C}.Debug|Any CPU.Build.0 = Debug|Any CPU
		{ADE81FE6-5D7D-4553-94F8-25FE1F93FF8C}.Release|Any CPU.ActiveCfg = Release|Any CPU
		{ADE81FE6-5D7D-4553-94F8-25FE1F93FF8C}.Release|Any CPU.Build.0 = Release|Any CPU
	EndGlobalSection
	GlobalSection(SolutionProperties) = preSolution
		HideSolutionNode = FALSE
	EndGlobalSection
	GlobalSection(ExtensibilityGlobals) = postSolution
		SolutionGuid = {E3E40F85-1EA2-492C-8629-E256FAF136E9}
	EndGlobalSection
EndGlobal
